// !$*UTF8*$!
{
	archiveVersion = 1;
	classes = {
	};
	objectVersion = 46;
	objects = {

/* Begin PBXBuildFile section */
		A70305AA131E42E70091DE5B /* NSDictionary+DDUtility.h in Headers */ = {isa = PBXBuildFile; fileRef = A70305A8131E42E70091DE5B /* NSDictionary+DDUtility.h */; };
		A70305AB131E42E70091DE5B /* NSDictionary+DDUtility.m in Sources */ = {isa = PBXBuildFile; fileRef = A70305A9131E42E70091DE5B /* NSDictionary+DDUtility.m */; };
		A70305C4131E43C10091DE5B /* NSMutableDictionary+DDUtility.h in Headers */ = {isa = PBXBuildFile; fileRef = A70305C0131E43C10091DE5B /* NSMutableDictionary+DDUtility.h */; };
		A70305C5131E43C10091DE5B /* NSMutableDictionary+DDUtility.m in Sources */ = {isa = PBXBuildFile; fileRef = A70305C1131E43C10091DE5B /* NSMutableDictionary+DDUtility.m */; };
		A70305CC131E482D0091DE5B /* DDKeychainUtils.h in Headers */ = {isa = PBXBuildFile; fileRef = A70305CA131E482D0091DE5B /* DDKeychainUtils.h */; };
		A70305CD131E482D0091DE5B /* DDKeychainUtils.m in Sources */ = {isa = PBXBuildFile; fileRef = A70305CB131E482D0091DE5B /* DDKeychainUtils.m */; };
		A70305D0131E49D50091DE5B /* UIAlertView+DDUtility.h in Headers */ = {isa = PBXBuildFile; fileRef = A70305CE131E49D50091DE5B /* UIAlertView+DDUtility.h */; };
		A70305D1131E49D50091DE5B /* UIAlertView+DDUtility.m in Sources */ = {isa = PBXBuildFile; fileRef = A70305CF131E49D50091DE5B /* UIAlertView+DDUtility.m */; };
		A72A388E1343F94400CC7DE8 /* DDCarouselImageView.h in Headers */ = {isa = PBXBuildFile; fileRef = A72A388C1343F94400CC7DE8 /* DDCarouselImageView.h */; };
		A72A388F1343F94400CC7DE8 /* DDCarouselImageView.m in Sources */ = {isa = PBXBuildFile; fileRef = A72A388D1343F94400CC7DE8 /* DDCarouselImageView.m */; };
		A72A38971344030C00CC7DE8 /* DDCarouselImageLayer.h in Headers */ = {isa = PBXBuildFile; fileRef = A72A38951344030C00CC7DE8 /* DDCarouselImageLayer.h */; };
		A72A38981344030C00CC7DE8 /* DDCarouselImageLayer.m in Sources */ = {isa = PBXBuildFile; fileRef = A72A38961344030C00CC7DE8 /* DDCarouselImageLayer.m */; };
		A7896B6A131E3D7B00CAB0EC /* DDDebug.h in Headers */ = {isa = PBXBuildFile; fileRef = A7896B68131E3D7B00CAB0EC /* DDDebug.h */; };
		A7896B6B131E3D7B00CAB0EC /* DDDebug.m in Sources */ = {isa = PBXBuildFile; fileRef = A7896B69131E3D7B00CAB0EC /* DDDebug.m */; };
		A79BF34A125C8D81008478DF /* DDUtility_Prefix.pch in Headers */ = {isa = PBXBuildFile; fileRef = A79BF349125C8D81008478DF /* DDUtility_Prefix.pch */; };
		A79D54751331889200AD56B6 /* DDSynthesizeSingleton.h in Headers */ = {isa = PBXBuildFile; fileRef = A79D54741331889200AD56B6 /* DDSynthesizeSingleton.h */; };
		A79D547913318A5E00AD56B6 /* NSData+DDUtility.h in Headers */ = {isa = PBXBuildFile; fileRef = A79D547713318A5D00AD56B6 /* NSData+DDUtility.h */; };
		A79D547A13318A5E00AD56B6 /* NSData+DDUtility.m in Sources */ = {isa = PBXBuildFile; fileRef = A79D547813318A5E00AD56B6 /* NSData+DDUtility.m */; };
		A79D547D13318B2C00AD56B6 /* NSString+DDUtility.h in Headers */ = {isa = PBXBuildFile; fileRef = A79D547B13318B2B00AD56B6 /* NSString+DDUtility.h */; };
		A79D547E13318B2C00AD56B6 /* NSString+DDUtility.m in Sources */ = {isa = PBXBuildFile; fileRef = A79D547C13318B2C00AD56B6 /* NSString+DDUtility.m */; };
		A79D548113318D0D00AD56B6 /* NSObject+DDUtility.h in Headers */ = {isa = PBXBuildFile; fileRef = A79D547F13318D0B00AD56B6 /* NSObject+DDUtility.h */; };
		A79D548213318D0D00AD56B6 /* NSObject+DDUtility.m in Sources */ = {isa = PBXBuildFile; fileRef = A79D548013318D0B00AD56B6 /* NSObject+DDUtility.m */; };
		A79D548C13319C8300AD56B6 /* UIKit.framework in Frameworks */ = {isa = PBXBuildFile; fileRef = A7AFD4E3132E38C000C10B03 /* UIKit.framework */; };
		A79D548D13319C8300AD56B6 /* Foundation.framework in Frameworks */ = {isa = PBXBuildFile; fileRef = AACBBE490F95108600F1A2B1 /* Foundation.framework */; };
		A79D548E13319C8300AD56B6 /* CoreGraphics.framework in Frameworks */ = {isa = PBXBuildFile; fileRef = A7AFD4E6132E38C000C10B03 /* CoreGraphics.framework */; };
		A79D549413319C8300AD56B6 /* InfoPlist.strings in Resources */ = {isa = PBXBuildFile; fileRef = A79D549213319C8300AD56B6 /* InfoPlist.strings */; };
		A79D549713319C8300AD56B6 /* main.m in Sources */ = {isa = PBXBuildFile; fileRef = A79D549613319C8300AD56B6 /* main.m */; };
		A79D54AF1331B02C00AD56B6 /* DDMathUtilTests.m in Sources */ = {isa = PBXBuildFile; fileRef = A7AFD4F1132E38C000C10B03 /* DDMathUtilTests.m */; };
		A79D54B41331B6DF00AD56B6 /* GHUnitIOS.framework in Frameworks */ = {isa = PBXBuildFile; fileRef = A79D54B31331B6DE00AD56B6 /* GHUnitIOS.framework */; };
		A79D54B61331B86700AD56B6 /* libDDUtility.a in Frameworks */ = {isa = PBXBuildFile; fileRef = D2AAC07E0554694100DB518D /* libDDUtility.a */; };
		A79D54B81331B8D300AD56B6 /* Security.framework in Frameworks */ = {isa = PBXBuildFile; fileRef = A79D54B71331B8D300AD56B6 /* Security.framework */; };
		A79D54BA1331B92900AD56B6 /* QuartzCore.framework in Frameworks */ = {isa = PBXBuildFile; fileRef = A79D54B91331B92800AD56B6 /* QuartzCore.framework */; };
		A79D54C11331D60700AD56B6 /* NSTimer+Blocks.h in Headers */ = {isa = PBXBuildFile; fileRef = A79D54BF1331D5EC00AD56B6 /* NSTimer+Blocks.h */; };
		A79D54C21331D60700AD56B6 /* NSTimer+Blocks.m in Sources */ = {isa = PBXBuildFile; fileRef = A79D54C01331D5F500AD56B6 /* NSTimer+Blocks.m */; };
		A7AFD4D9132E287900C10B03 /* DDMathUtil.h in Headers */ = {isa = PBXBuildFile; fileRef = A7AFD4D7132E287900C10B03 /* DDMathUtil.h */; };
		A7AFD4DA132E287900C10B03 /* DDMathUtil.m in Sources */ = {isa = PBXBuildFile; fileRef = A7AFD4D8132E287900C10B03 /* DDMathUtil.m */; };
		A7DCD610134CB2AE00E41D1F /* DDConcatinateEnumerator.h in Headers */ = {isa = PBXBuildFile; fileRef = A7DCD60E134CB2AE00E41D1F /* DDConcatinateEnumerator.h */; };
		A7DCD611134CB2AE00E41D1F /* DDConcatinateEnumerator.m in Sources */ = {isa = PBXBuildFile; fileRef = A7DCD60F134CB2AE00E41D1F /* DDConcatinateEnumerator.m */; };
		A7DCD615134CBB9200E41D1F /* DDDistinctEnumerator.h in Headers */ = {isa = PBXBuildFile; fileRef = A7DCD613134CBB9200E41D1F /* DDDistinctEnumerator.h */; };
		A7DCD616134CBB9200E41D1F /* DDDistinctEnumerator.m in Sources */ = {isa = PBXBuildFile; fileRef = A7DCD614134CBB9200E41D1F /* DDDistinctEnumerator.m */; };
		A7DCD619134CC40700E41D1F /* DDExceptEnumerator.h in Headers */ = {isa = PBXBuildFile; fileRef = A7DCD617134CC40700E41D1F /* DDExceptEnumerator.h */; };
		A7DCD61A134CC40700E41D1F /* DDExceptEnumerator.m in Sources */ = {isa = PBXBuildFile; fileRef = A7DCD618134CC40700E41D1F /* DDExceptEnumerator.m */; };
		A7F26EAF133B5170009CD686 /* NSEnumerator+DDUtility.h in Headers */ = {isa = PBXBuildFile; fileRef = A7F26EAD133B5170009CD686 /* NSEnumerator+DDUtility.h */; };
		A7F26EB0133B5170009CD686 /* NSEnumerator+DDUtility.m in Sources */ = {isa = PBXBuildFile; fileRef = A7F26EAE133B5170009CD686 /* NSEnumerator+DDUtility.m */; };
		A7F26EB4133B5216009CD686 /* NSEnumerator+DDUtilityTests.h in Headers */ = {isa = PBXBuildFile; fileRef = A7F26EB2133B5216009CD686 /* NSEnumerator+DDUtilityTests.h */; };
		A7F26EB5133B5216009CD686 /* NSEnumerator+DDUtilityTests.m in Sources */ = {isa = PBXBuildFile; fileRef = A7F26EB3133B5216009CD686 /* NSEnumerator+DDUtilityTests.m */; };
		A7F26EB8133B623B009CD686 /* DDPredicateEnumerator.h in Headers */ = {isa = PBXBuildFile; fileRef = A7F26EB6133B623B009CD686 /* DDPredicateEnumerator.h */; };
		A7F26EB9133B623B009CD686 /* DDPredicateEnumerator.m in Sources */ = {isa = PBXBuildFile; fileRef = A7F26EB7133B623B009CD686 /* DDPredicateEnumerator.m */; };
		A7F26EBC133B66F6009CD686 /* DDSelectorEnumerator.h in Headers */ = {isa = PBXBuildFile; fileRef = A7F26EBA133B66F6009CD686 /* DDSelectorEnumerator.h */; };
		A7F26EBD133B66F6009CD686 /* DDSelectorEnumerator.m in Sources */ = {isa = PBXBuildFile; fileRef = A7F26EBB133B66F6009CD686 /* DDSelectorEnumerator.m */; };
		AACBBE4A0F95108600F1A2B1 /* Foundation.framework in Frameworks */ = {isa = PBXBuildFile; fileRef = AACBBE490F95108600F1A2B1 /* Foundation.framework */; };
/* End PBXBuildFile section */

/* Begin PBXContainerItemProxy section */
		A79D54B11331B55300AD56B6 /* PBXContainerItemProxy */ = {
			isa = PBXContainerItemProxy;
			containerPortal = 0867D690FE84028FC02AAC07 /* Project object */;
			proxyType = 1;
			remoteGlobalIDString = D2AAC07D0554694100DB518D;
			remoteInfo = DDUtility;
		};
/* End PBXContainerItemProxy section */

/* Begin PBXFileReference section */
		A70305A8131E42E70091DE5B /* NSDictionary+DDUtility.h */ = {isa = PBXFileReference; fileEncoding = 4; lastKnownFileType = sourcecode.c.h; path = "NSDictionary+DDUtility.h"; sourceTree = "<group>"; };
		A70305A9131E42E70091DE5B /* NSDictionary+DDUtility.m */ = {isa = PBXFileReference; fileEncoding = 4; lastKnownFileType = sourcecode.c.objc; path = "NSDictionary+DDUtility.m"; sourceTree = "<group>"; };
		A70305C0131E43C10091DE5B /* NSMutableDictionary+DDUtility.h */ = {isa = PBXFileReference; fileEncoding = 4; lastKnownFileType = sourcecode.c.h; path = "NSMutableDictionary+DDUtility.h"; sourceTree = "<group>"; };
		A70305C1131E43C10091DE5B /* NSMutableDictionary+DDUtility.m */ = {isa = PBXFileReference; fileEncoding = 4; lastKnownFileType = sourcecode.c.objc; path = "NSMutableDictionary+DDUtility.m"; sourceTree = "<group>"; };
		A70305CA131E482D0091DE5B /* DDKeychainUtils.h */ = {isa = PBXFileReference; fileEncoding = 4; lastKnownFileType = sourcecode.c.h; path = DDKeychainUtils.h; sourceTree = "<group>"; };
		A70305CB131E482D0091DE5B /* DDKeychainUtils.m */ = {isa = PBXFileReference; fileEncoding = 4; lastKnownFileType = sourcecode.c.objc; path = DDKeychainUtils.m; sourceTree = "<group>"; };
		A70305CE131E49D50091DE5B /* UIAlertView+DDUtility.h */ = {isa = PBXFileReference; fileEncoding = 4; lastKnownFileType = sourcecode.c.h; path = "UIAlertView+DDUtility.h"; sourceTree = "<group>"; };
		A70305CF131E49D50091DE5B /* UIAlertView+DDUtility.m */ = {isa = PBXFileReference; fileEncoding = 4; lastKnownFileType = sourcecode.c.objc; path = "UIAlertView+DDUtility.m"; sourceTree = "<group>"; };
		A72A388C1343F94400CC7DE8 /* DDCarouselImageView.h */ = {isa = PBXFileReference; fileEncoding = 4; lastKnownFileType = sourcecode.c.h; path = DDCarouselImageView.h; sourceTree = "<group>"; };
		A72A388D1343F94400CC7DE8 /* DDCarouselImageView.m */ = {isa = PBXFileReference; fileEncoding = 4; lastKnownFileType = sourcecode.c.objc; path = DDCarouselImageView.m; sourceTree = "<group>"; };
		A72A38951344030C00CC7DE8 /* DDCarouselImageLayer.h */ = {isa = PBXFileReference; fileEncoding = 4; lastKnownFileType = sourcecode.c.h; path = DDCarouselImageLayer.h; sourceTree = "<group>"; };
		A72A38961344030C00CC7DE8 /* DDCarouselImageLayer.m */ = {isa = PBXFileReference; fileEncoding = 4; lastKnownFileType = sourcecode.c.objc; path = DDCarouselImageLayer.m; sourceTree = "<group>"; };
		A7896B68131E3D7B00CAB0EC /* DDDebug.h */ = {isa = PBXFileReference; fileEncoding = 4; lastKnownFileType = sourcecode.c.h; path = DDDebug.h; sourceTree = "<group>"; };
		A7896B69131E3D7B00CAB0EC /* DDDebug.m */ = {isa = PBXFileReference; fileEncoding = 4; lastKnownFileType = sourcecode.c.objc; path = DDDebug.m; sourceTree = "<group>"; };
		A79BF349125C8D81008478DF /* DDUtility_Prefix.pch */ = {isa = PBXFileReference; fileEncoding = 4; lastKnownFileType = sourcecode.c.h; path = DDUtility_Prefix.pch; sourceTree = "<group>"; };
		A79D54741331889200AD56B6 /* DDSynthesizeSingleton.h */ = {isa = PBXFileReference; fileEncoding = 4; lastKnownFileType = sourcecode.c.h; path = DDSynthesizeSingleton.h; sourceTree = "<group>"; };
		A79D547713318A5D00AD56B6 /* NSData+DDUtility.h */ = {isa = PBXFileReference; fileEncoding = 4; lastKnownFileType = sourcecode.c.h; path = "NSData+DDUtility.h"; sourceTree = "<group>"; };
		A79D547813318A5E00AD56B6 /* NSData+DDUtility.m */ = {isa = PBXFileReference; fileEncoding = 4; lastKnownFileType = sourcecode.c.objc; path = "NSData+DDUtility.m"; sourceTree = "<group>"; };
		A79D547B13318B2B00AD56B6 /* NSString+DDUtility.h */ = {isa = PBXFileReference; fileEncoding = 4; lastKnownFileType = sourcecode.c.h; path = "NSString+DDUtility.h"; sourceTree = "<group>"; };
		A79D547C13318B2C00AD56B6 /* NSString+DDUtility.m */ = {isa = PBXFileReference; fileEncoding = 4; lastKnownFileType = sourcecode.c.objc; path = "NSString+DDUtility.m"; sourceTree = "<group>"; };
		A79D547F13318D0B00AD56B6 /* NSObject+DDUtility.h */ = {isa = PBXFileReference; fileEncoding = 4; lastKnownFileType = sourcecode.c.h; path = "NSObject+DDUtility.h"; sourceTree = "<group>"; };
		A79D548013318D0B00AD56B6 /* NSObject+DDUtility.m */ = {isa = PBXFileReference; fileEncoding = 4; lastKnownFileType = sourcecode.c.objc; path = "NSObject+DDUtility.m"; sourceTree = "<group>"; };
		A79D548A13319C8200AD56B6 /* DDUtilityTests.app */ = {isa = PBXFileReference; explicitFileType = wrapper.application; includeInIndex = 0; path = DDUtilityTests.app; sourceTree = BUILT_PRODUCTS_DIR; };
		A79D549113319C8300AD56B6 /* DDUtilityTests-Info.plist */ = {isa = PBXFileReference; lastKnownFileType = text.plist.xml; path = "DDUtilityTests-Info.plist"; sourceTree = "<group>"; };
		A79D549313319C8300AD56B6 /* en */ = {isa = PBXFileReference; lastKnownFileType = text.plist.strings; name = en; path = en.lproj/InfoPlist.strings; sourceTree = "<group>"; };
		A79D549513319C8300AD56B6 /* DDUtilityTests-Prefix.pch */ = {isa = PBXFileReference; lastKnownFileType = sourcecode.c.h; path = "DDUtilityTests-Prefix.pch"; sourceTree = "<group>"; };
		A79D549613319C8300AD56B6 /* main.m */ = {isa = PBXFileReference; lastKnownFileType = sourcecode.c.objc; path = main.m; sourceTree = "<group>"; };
		A79D54B31331B6DE00AD56B6 /* GHUnitIOS.framework */ = {isa = PBXFileReference; lastKnownFileType = wrapper.framework; name = GHUnitIOS.framework; path = lib/GHUnitIOS.framework; sourceTree = "<group>"; };
		A79D54B71331B8D300AD56B6 /* Security.framework */ = {isa = PBXFileReference; lastKnownFileType = wrapper.framework; name = Security.framework; path = System/Library/Frameworks/Security.framework; sourceTree = SDKROOT; };
		A79D54B91331B92800AD56B6 /* QuartzCore.framework */ = {isa = PBXFileReference; lastKnownFileType = wrapper.framework; name = QuartzCore.framework; path = System/Library/Frameworks/QuartzCore.framework; sourceTree = SDKROOT; };
		A79D54BF1331D5EC00AD56B6 /* NSTimer+Blocks.h */ = {isa = PBXFileReference; fileEncoding = 4; lastKnownFileType = sourcecode.c.h; path = "NSTimer+Blocks.h"; sourceTree = "<group>"; };
		A79D54C01331D5F500AD56B6 /* NSTimer+Blocks.m */ = {isa = PBXFileReference; fileEncoding = 4; lastKnownFileType = sourcecode.c.objc; path = "NSTimer+Blocks.m"; sourceTree = "<group>"; };
		A7AFD4D7132E287900C10B03 /* DDMathUtil.h */ = {isa = PBXFileReference; fileEncoding = 4; lastKnownFileType = sourcecode.c.h; path = DDMathUtil.h; sourceTree = "<group>"; };
		A7AFD4D8132E287900C10B03 /* DDMathUtil.m */ = {isa = PBXFileReference; fileEncoding = 4; lastKnownFileType = sourcecode.c.objc; path = DDMathUtil.m; sourceTree = "<group>"; };
		A7AFD4E3132E38C000C10B03 /* UIKit.framework */ = {isa = PBXFileReference; lastKnownFileType = wrapper.framework; name = UIKit.framework; path = System/Library/Frameworks/UIKit.framework; sourceTree = SDKROOT; };
		A7AFD4E6132E38C000C10B03 /* CoreGraphics.framework */ = {isa = PBXFileReference; lastKnownFileType = wrapper.framework; name = CoreGraphics.framework; path = System/Library/Frameworks/CoreGraphics.framework; sourceTree = SDKROOT; };
		A7AFD4EF132E38C000C10B03 /* DDMathUtilTests.h */ = {isa = PBXFileReference; lastKnownFileType = sourcecode.c.h; name = DDMathUtilTests.h; path = ../tests/DDMathUtilTests.h; sourceTree = "<group>"; };
		A7AFD4F1132E38C000C10B03 /* DDMathUtilTests.m */ = {isa = PBXFileReference; lastKnownFileType = sourcecode.c.objc; name = DDMathUtilTests.m; path = ../tests/DDMathUtilTests.m; sourceTree = "<group>"; };
		A7DCD60E134CB2AE00E41D1F /* DDConcatinateEnumerator.h */ = {isa = PBXFileReference; fileEncoding = 4; lastKnownFileType = sourcecode.c.h; path = DDConcatinateEnumerator.h; sourceTree = "<group>"; };
		A7DCD60F134CB2AE00E41D1F /* DDConcatinateEnumerator.m */ = {isa = PBXFileReference; fileEncoding = 4; lastKnownFileType = sourcecode.c.objc; path = DDConcatinateEnumerator.m; sourceTree = "<group>"; };
		A7DCD613134CBB9200E41D1F /* DDDistinctEnumerator.h */ = {isa = PBXFileReference; fileEncoding = 4; lastKnownFileType = sourcecode.c.h; path = DDDistinctEnumerator.h; sourceTree = "<group>"; };
		A7DCD614134CBB9200E41D1F /* DDDistinctEnumerator.m */ = {isa = PBXFileReference; fileEncoding = 4; lastKnownFileType = sourcecode.c.objc; path = DDDistinctEnumerator.m; sourceTree = "<group>"; };
		A7DCD617134CC40700E41D1F /* DDExceptEnumerator.h */ = {isa = PBXFileReference; fileEncoding = 4; lastKnownFileType = sourcecode.c.h; path = DDExceptEnumerator.h; sourceTree = "<group>"; };
		A7DCD618134CC40700E41D1F /* DDExceptEnumerator.m */ = {isa = PBXFileReference; fileEncoding = 4; lastKnownFileType = sourcecode.c.objc; path = DDExceptEnumerator.m; sourceTree = "<group>"; };
		A7F26EAD133B5170009CD686 /* NSEnumerator+DDUtility.h */ = {isa = PBXFileReference; fileEncoding = 4; lastKnownFileType = sourcecode.c.h; path = "NSEnumerator+DDUtility.h"; sourceTree = "<group>"; };
		A7F26EAE133B5170009CD686 /* NSEnumerator+DDUtility.m */ = {isa = PBXFileReference; fileEncoding = 4; lastKnownFileType = sourcecode.c.objc; path = "NSEnumerator+DDUtility.m"; sourceTree = "<group>"; };
		A7F26EB2133B5216009CD686 /* NSEnumerator+DDUtilityTests.h */ = {isa = PBXFileReference; fileEncoding = 4; lastKnownFileType = sourcecode.c.h; path = "NSEnumerator+DDUtilityTests.h"; sourceTree = "<group>"; };
		A7F26EB3133B5216009CD686 /* NSEnumerator+DDUtilityTests.m */ = {isa = PBXFileReference; fileEncoding = 4; lastKnownFileType = sourcecode.c.objc; path = "NSEnumerator+DDUtilityTests.m"; sourceTree = "<group>"; };
		A7F26EB6133B623B009CD686 /* DDPredicateEnumerator.h */ = {isa = PBXFileReference; fileEncoding = 4; lastKnownFileType = sourcecode.c.h; path = DDPredicateEnumerator.h; sourceTree = "<group>"; };
		A7F26EB7133B623B009CD686 /* DDPredicateEnumerator.m */ = {isa = PBXFileReference; fileEncoding = 4; lastKnownFileType = sourcecode.c.objc; path = DDPredicateEnumerator.m; sourceTree = "<group>"; };
		A7F26EBA133B66F6009CD686 /* DDSelectorEnumerator.h */ = {isa = PBXFileReference; fileEncoding = 4; lastKnownFileType = sourcecode.c.h; path = DDSelectorEnumerator.h; sourceTree = "<group>"; };
		A7F26EBB133B66F6009CD686 /* DDSelectorEnumerator.m */ = {isa = PBXFileReference; fileEncoding = 4; lastKnownFileType = sourcecode.c.objc; path = DDSelectorEnumerator.m; sourceTree = "<group>"; };
		AACBBE490F95108600F1A2B1 /* Foundation.framework */ = {isa = PBXFileReference; lastKnownFileType = wrapper.framework; name = Foundation.framework; path = System/Library/Frameworks/Foundation.framework; sourceTree = SDKROOT; };
		D2AAC07E0554694100DB518D /* libDDUtility.a */ = {isa = PBXFileReference; explicitFileType = archive.ar; includeInIndex = 0; path = libDDUtility.a; sourceTree = BUILT_PRODUCTS_DIR; };
/* End PBXFileReference section */

/* Begin PBXFrameworksBuildPhase section */
		A79D548713319C8200AD56B6 /* Frameworks */ = {
			isa = PBXFrameworksBuildPhase;
			buildActionMask = 2147483647;
			files = (
				A79D54BA1331B92900AD56B6 /* QuartzCore.framework in Frameworks */,
				A79D54B81331B8D300AD56B6 /* Security.framework in Frameworks */,
				A79D54B61331B86700AD56B6 /* libDDUtility.a in Frameworks */,
				A79D54B41331B6DF00AD56B6 /* GHUnitIOS.framework in Frameworks */,
				A79D548C13319C8300AD56B6 /* UIKit.framework in Frameworks */,
				A79D548D13319C8300AD56B6 /* Foundation.framework in Frameworks */,
				A79D548E13319C8300AD56B6 /* CoreGraphics.framework in Frameworks */,
			);
			runOnlyForDeploymentPostprocessing = 0;
		};
		D2AAC07C0554694100DB518D /* Frameworks */ = {
			isa = PBXFrameworksBuildPhase;
			buildActionMask = 2147483647;
			files = (
				AACBBE4A0F95108600F1A2B1 /* Foundation.framework in Frameworks */,
			);
			runOnlyForDeploymentPostprocessing = 0;
		};
/* End PBXFrameworksBuildPhase section */

/* Begin PBXGroup section */
		0867D691FE84028FC02AAC07 /* DDUtility */ = {
			isa = PBXGroup;
			children = (
				08FB77AEFE84172EC02AAC07 /* Classes */,
				32C88DFF0371C24200C91783 /* Other Sources */,
				A79D548F13319C8300AD56B6 /* Tests */,
				0867D69AFE84028FC02AAC07 /* Frameworks */,
				D2AAC07E0554694100DB518D /* libDDUtility.a */,
				A79D548A13319C8200AD56B6 /* DDUtilityTests.app */,
			);
			name = DDUtility;
			sourceTree = "<group>";
		};
		0867D69AFE84028FC02AAC07 /* Frameworks */ = {
			isa = PBXGroup;
			children = (
				A79D54B31331B6DE00AD56B6 /* GHUnitIOS.framework */,
				A7AFD4E6132E38C000C10B03 /* CoreGraphics.framework */,
				AACBBE490F95108600F1A2B1 /* Foundation.framework */,
				A79D54B91331B92800AD56B6 /* QuartzCore.framework */,
				A79D54B71331B8D300AD56B6 /* Security.framework */,
				A7AFD4E3132E38C000C10B03 /* UIKit.framework */,
			);
			name = Frameworks;
			sourceTree = "<group>";
		};
		08FB77AEFE84172EC02AAC07 /* Classes */ = {
			isa = PBXGroup;
			children = (
				A72A3894134402F200CC7DE8 /* CoreAnimation */,
				A7896B4D131E2E0B00CAB0EC /* Foundation */,
				A70305C9131E47FE0091DE5B /* Security */,
				A70305C8131E46C00091DE5B /* UIKit */,
			);
			name = Classes;
			path = src;
			sourceTree = "<group>";
		};
		32C88DFF0371C24200C91783 /* Other Sources */ = {
			isa = PBXGroup;
			children = (
				A79BF349125C8D81008478DF /* DDUtility_Prefix.pch */,
			);
			name = "Other Sources";
			path = src;
			sourceTree = "<group>";
		};
		A70305C8131E46C00091DE5B /* UIKit */ = {
			isa = PBXGroup;
			children = (
				A72A388C1343F94400CC7DE8 /* DDCarouselImageView.h */,
				A72A388D1343F94400CC7DE8 /* DDCarouselImageView.m */,
				A70305CE131E49D50091DE5B /* UIAlertView+DDUtility.h */,
				A70305CF131E49D50091DE5B /* UIAlertView+DDUtility.m */,
			);
			path = UIKit;
			sourceTree = "<group>";
		};
		A70305C9131E47FE0091DE5B /* Security */ = {
			isa = PBXGroup;
			children = (
				A70305CA131E482D0091DE5B /* DDKeychainUtils.h */,
				A70305CB131E482D0091DE5B /* DDKeychainUtils.m */,
			);
			path = Security;
			sourceTree = "<group>";
		};
		A72A3894134402F200CC7DE8 /* CoreAnimation */ = {
			isa = PBXGroup;
			children = (
				A72A38951344030C00CC7DE8 /* DDCarouselImageLayer.h */,
				A72A38961344030C00CC7DE8 /* DDCarouselImageLayer.m */,
			);
			path = CoreAnimation;
			sourceTree = "<group>";
		};
		A7896B4D131E2E0B00CAB0EC /* Foundation */ = {
			isa = PBXGroup;
			children = (
				A7896B68131E3D7B00CAB0EC /* DDDebug.h */,
				A7896B69131E3D7B00CAB0EC /* DDDebug.m */,
				A7AFD4D7132E287900C10B03 /* DDMathUtil.h */,
				A7AFD4D8132E287900C10B03 /* DDMathUtil.m */,
				A79D54741331889200AD56B6 /* DDSynthesizeSingleton.h */,
				A70305A8131E42E70091DE5B /* NSDictionary+DDUtility.h */,
				A70305A9131E42E70091DE5B /* NSDictionary+DDUtility.m */,
				A70305C0131E43C10091DE5B /* NSMutableDictionary+DDUtility.h */,
				A70305C1131E43C10091DE5B /* NSMutableDictionary+DDUtility.m */,
				A79D547713318A5D00AD56B6 /* NSData+DDUtility.h */,
				A79D547813318A5E00AD56B6 /* NSData+DDUtility.m */,
				A79D547F13318D0B00AD56B6 /* NSObject+DDUtility.h */,
				A79D548013318D0B00AD56B6 /* NSObject+DDUtility.m */,
				A79D547B13318B2B00AD56B6 /* NSString+DDUtility.h */,
				A79D547C13318B2C00AD56B6 /* NSString+DDUtility.m */,
				A79D54BF1331D5EC00AD56B6 /* NSTimer+Blocks.h */,
				A79D54C01331D5F500AD56B6 /* NSTimer+Blocks.m */,
				A7F26EAD133B5170009CD686 /* NSEnumerator+DDUtility.h */,
				A7F26EAE133B5170009CD686 /* NSEnumerator+DDUtility.m */,
				A7F26EB6133B623B009CD686 /* DDPredicateEnumerator.h */,
				A7F26EB7133B623B009CD686 /* DDPredicateEnumerator.m */,
				A7F26EBA133B66F6009CD686 /* DDSelectorEnumerator.h */,
				A7F26EBB133B66F6009CD686 /* DDSelectorEnumerator.m */,
				A7DCD60E134CB2AE00E41D1F /* DDConcatinateEnumerator.h */,
				A7DCD60F134CB2AE00E41D1F /* DDConcatinateEnumerator.m */,
				A7DCD613134CBB9200E41D1F /* DDDistinctEnumerator.h */,
				A7DCD614134CBB9200E41D1F /* DDDistinctEnumerator.m */,
				A7DCD617134CC40700E41D1F /* DDExceptEnumerator.h */,
				A7DCD618134CC40700E41D1F /* DDExceptEnumerator.m */,
			);
			path = Foundation;
			sourceTree = "<group>";
		};
		A79D548F13319C8300AD56B6 /* Tests */ = {
			isa = PBXGroup;
			children = (
				A7AFD4EF132E38C000C10B03 /* DDMathUtilTests.h */,
				A7AFD4F1132E38C000C10B03 /* DDMathUtilTests.m */,
				A7F26EB2133B5216009CD686 /* NSEnumerator+DDUtilityTests.h */,
				A7F26EB3133B5216009CD686 /* NSEnumerator+DDUtilityTests.m */,
				A79D549013319C8300AD56B6 /* Supporting Files */,
			);
			name = Tests;
			path = tests;
			sourceTree = "<group>";
		};
		A79D549013319C8300AD56B6 /* Supporting Files */ = {
			isa = PBXGroup;
			children = (
				A79D549113319C8300AD56B6 /* DDUtilityTests-Info.plist */,
				A79D549213319C8300AD56B6 /* InfoPlist.strings */,
				A79D549513319C8300AD56B6 /* DDUtilityTests-Prefix.pch */,
				A79D549613319C8300AD56B6 /* main.m */,
			);
			name = "Supporting Files";
			sourceTree = "<group>";
		};
/* End PBXGroup section */

/* Begin PBXHeadersBuildPhase section */
		D2AAC07A0554694100DB518D /* Headers */ = {
			isa = PBXHeadersBuildPhase;
			buildActionMask = 2147483647;
			files = (
				A79BF34A125C8D81008478DF /* DDUtility_Prefix.pch in Headers */,
				A7896B6A131E3D7B00CAB0EC /* DDDebug.h in Headers */,
				A70305AA131E42E70091DE5B /* NSDictionary+DDUtility.h in Headers */,
				A70305C4131E43C10091DE5B /* NSMutableDictionary+DDUtility.h in Headers */,
				A70305CC131E482D0091DE5B /* DDKeychainUtils.h in Headers */,
				A70305D0131E49D50091DE5B /* UIAlertView+DDUtility.h in Headers */,
				A7AFD4D9132E287900C10B03 /* DDMathUtil.h in Headers */,
				A79D54751331889200AD56B6 /* DDSynthesizeSingleton.h in Headers */,
				A79D547913318A5E00AD56B6 /* NSData+DDUtility.h in Headers */,
				A79D547D13318B2C00AD56B6 /* NSString+DDUtility.h in Headers */,
				A79D548113318D0D00AD56B6 /* NSObject+DDUtility.h in Headers */,
				A79D54C11331D60700AD56B6 /* NSTimer+Blocks.h in Headers */,
				A7F26EAF133B5170009CD686 /* NSEnumerator+DDUtility.h in Headers */,
				A7F26EB4133B5216009CD686 /* NSEnumerator+DDUtilityTests.h in Headers */,
				A7F26EB8133B623B009CD686 /* DDPredicateEnumerator.h in Headers */,
				A7F26EBC133B66F6009CD686 /* DDSelectorEnumerator.h in Headers */,
				A72A388E1343F94400CC7DE8 /* DDCarouselImageView.h in Headers */,
				A72A38971344030C00CC7DE8 /* DDCarouselImageLayer.h in Headers */,
				A7DCD610134CB2AE00E41D1F /* DDConcatinateEnumerator.h in Headers */,
				A7DCD615134CBB9200E41D1F /* DDDistinctEnumerator.h in Headers */,
				A7DCD619134CC40700E41D1F /* DDExceptEnumerator.h in Headers */,
			);
			runOnlyForDeploymentPostprocessing = 0;
		};
/* End PBXHeadersBuildPhase section */

/* Begin PBXNativeTarget section */
		A79D548913319C8200AD56B6 /* DDUtilityTests */ = {
			isa = PBXNativeTarget;
			buildConfigurationList = A79D54A913319C8400AD56B6 /* Build configuration list for PBXNativeTarget "DDUtilityTests" */;
			buildPhases = (
				A79D548613319C8200AD56B6 /* Sources */,
				A79D548713319C8200AD56B6 /* Frameworks */,
				A79D548813319C8200AD56B6 /* Resources */,
			);
			buildRules = (
			);
			dependencies = (
				A79D54B21331B55300AD56B6 /* PBXTargetDependency */,
			);
			name = DDUtilityTests;
			productName = DDUtilityTests;
			productReference = A79D548A13319C8200AD56B6 /* DDUtilityTests.app */;
			productType = "com.apple.product-type.application";
		};
		D2AAC07D0554694100DB518D /* DDUtility */ = {
			isa = PBXNativeTarget;
			buildConfigurationList = 1DEB921E08733DC00010E9CD /* Build configuration list for PBXNativeTarget "DDUtility" */;
			buildPhases = (
				D2AAC07A0554694100DB518D /* Headers */,
				D2AAC07B0554694100DB518D /* Sources */,
				D2AAC07C0554694100DB518D /* Frameworks */,
			);
			buildRules = (
			);
			dependencies = (
			);
			name = DDUtility;
			productName = DDUtility;
			productReference = D2AAC07E0554694100DB518D /* libDDUtility.a */;
			productType = "com.apple.product-type.library.static";
		};
/* End PBXNativeTarget section */

/* Begin PBXProject section */
		0867D690FE84028FC02AAC07 /* Project object */ = {
			isa = PBXProject;
			attributes = {
				ORGANIZATIONNAME = "Deeper Design";
			};
			buildConfigurationList = 1DEB922208733DC00010E9CD /* Build configuration list for PBXProject "DDUtility" */;
			compatibilityVersion = "Xcode 3.2";
			developmentRegion = English;
			hasScannedForEncodings = 1;
			knownRegions = (
				English,
				Japanese,
				French,
				German,
				en,
			);
			mainGroup = 0867D691FE84028FC02AAC07 /* DDUtility */;
			productRefGroup = 0867D691FE84028FC02AAC07 /* DDUtility */;
			projectDirPath = "";
			projectRoot = "";
			targets = (
				D2AAC07D0554694100DB518D /* DDUtility */,
				A79D548913319C8200AD56B6 /* DDUtilityTests */,
			);
		};
/* End PBXProject section */

/* Begin PBXResourcesBuildPhase section */
		A79D548813319C8200AD56B6 /* Resources */ = {
			isa = PBXResourcesBuildPhase;
			buildActionMask = 2147483647;
			files = (
				A79D549413319C8300AD56B6 /* InfoPlist.strings in Resources */,
			);
			runOnlyForDeploymentPostprocessing = 0;
		};
/* End PBXResourcesBuildPhase section */

/* Begin PBXSourcesBuildPhase section */
		A79D548613319C8200AD56B6 /* Sources */ = {
			isa = PBXSourcesBuildPhase;
			buildActionMask = 2147483647;
			files = (
				A79D549713319C8300AD56B6 /* main.m in Sources */,
				A79D54AF1331B02C00AD56B6 /* DDMathUtilTests.m in Sources */,
			);
			runOnlyForDeploymentPostprocessing = 0;
		};
		D2AAC07B0554694100DB518D /* Sources */ = {
			isa = PBXSourcesBuildPhase;
			buildActionMask = 2147483647;
			files = (
				A7896B6B131E3D7B00CAB0EC /* DDDebug.m in Sources */,
				A70305AB131E42E70091DE5B /* NSDictionary+DDUtility.m in Sources */,
				A70305C5131E43C10091DE5B /* NSMutableDictionary+DDUtility.m in Sources */,
				A70305CD131E482D0091DE5B /* DDKeychainUtils.m in Sources */,
				A70305D1131E49D50091DE5B /* UIAlertView+DDUtility.m in Sources */,
				A7AFD4DA132E287900C10B03 /* DDMathUtil.m in Sources */,
				A79D547A13318A5E00AD56B6 /* NSData+DDUtility.m in Sources */,
				A79D547E13318B2C00AD56B6 /* NSString+DDUtility.m in Sources */,
				A79D548213318D0D00AD56B6 /* NSObject+DDUtility.m in Sources */,
				A79D54C21331D60700AD56B6 /* NSTimer+Blocks.m in Sources */,
				A7F26EB0133B5170009CD686 /* NSEnumerator+DDUtility.m in Sources */,
				A7F26EB5133B5216009CD686 /* NSEnumerator+DDUtilityTests.m in Sources */,
				A7F26EB9133B623B009CD686 /* DDPredicateEnumerator.m in Sources */,
				A7F26EBD133B66F6009CD686 /* DDSelectorEnumerator.m in Sources */,
				A72A388F1343F94400CC7DE8 /* DDCarouselImageView.m in Sources */,
				A72A38981344030C00CC7DE8 /* DDCarouselImageLayer.m in Sources */,
				A7DCD611134CB2AE00E41D1F /* DDConcatinateEnumerator.m in Sources */,
				A7DCD616134CBB9200E41D1F /* DDDistinctEnumerator.m in Sources */,
				A7DCD61A134CC40700E41D1F /* DDExceptEnumerator.m in Sources */,
			);
			runOnlyForDeploymentPostprocessing = 0;
		};
/* End PBXSourcesBuildPhase section */

/* Begin PBXTargetDependency section */
		A79D54B21331B55300AD56B6 /* PBXTargetDependency */ = {
			isa = PBXTargetDependency;
			target = D2AAC07D0554694100DB518D /* DDUtility */;
			targetProxy = A79D54B11331B55300AD56B6 /* PBXContainerItemProxy */;
		};
/* End PBXTargetDependency section */

/* Begin PBXVariantGroup section */
		A79D549213319C8300AD56B6 /* InfoPlist.strings */ = {
			isa = PBXVariantGroup;
			children = (
				A79D549313319C8300AD56B6 /* en */,
			);
			name = InfoPlist.strings;
			sourceTree = "<group>";
		};
/* End PBXVariantGroup section */

/* Begin XCBuildConfiguration section */
		1DEB921F08733DC00010E9CD /* Debug */ = {
			isa = XCBuildConfiguration;
			buildSettings = {
				ALWAYS_SEARCH_USER_PATHS = NO;
				ARCHS = "$(ARCHS_STANDARD_32_BIT)";
				COPY_PHASE_STRIP = NO;
				DSTROOT = /tmp/DDUtility.dst;
				FRAMEWORK_SEARCH_PATHS = (
					"$(inherited)",
					"\"$(SRCROOT)/lib\"",
				);
				GCC_DYNAMIC_NO_PIC = NO;
				GCC_ENABLE_FIX_AND_CONTINUE = YES;
				GCC_MODEL_TUNING = G5;
				GCC_OPTIMIZATION_LEVEL = 0;
				INSTALL_PATH = /usr/local/lib;
				PRODUCT_NAME = DDUtility;
			};
			name = Debug;
		};
		1DEB922008733DC00010E9CD /* Release */ = {
			isa = XCBuildConfiguration;
			buildSettings = {
				ALWAYS_SEARCH_USER_PATHS = NO;
				ARCHS = "$(ARCHS_STANDARD_32_BIT)";
				DSTROOT = /tmp/DDUtility.dst;
				FRAMEWORK_SEARCH_PATHS = (
					"$(inherited)",
					"\"$(SRCROOT)/lib\"",
				);
				GCC_MODEL_TUNING = G5;
				INSTALL_PATH = /usr/local/lib;
				PRODUCT_NAME = DDUtility;
			};
			name = Release;
		};
		1DEB922308733DC00010E9CD /* Debug */ = {
			isa = XCBuildConfiguration;
			buildSettings = {
				ARCHS = "$(ARCHS_STANDARD_32_BIT)";
				GCC_C_LANGUAGE_STANDARD = c99;
				GCC_OPTIMIZATION_LEVEL = 0;
				GCC_PRECOMPILE_PREFIX_HEADER = YES;
				GCC_PREFIX_HEADER = src/DDUtility_Prefix.pch;
				GCC_VERSION = com.apple.compilers.llvm.clang.1_0;
				GCC_WARN_ABOUT_RETURN_TYPE = YES;
				GCC_WARN_UNUSED_VARIABLE = YES;
				OTHER_LDFLAGS = "-ObjC";
				PREBINDING = NO;
				SDKROOT = iphoneos;
			};
			name = Debug;
		};
		1DEB922408733DC00010E9CD /* Release */ = {
			isa = XCBuildConfiguration;
			buildSettings = {
				ARCHS = "$(ARCHS_STANDARD_32_BIT)";
				GCC_C_LANGUAGE_STANDARD = c99;
				GCC_PRECOMPILE_PREFIX_HEADER = YES;
				GCC_PREFIX_HEADER = src/DDUtility_Prefix.pch;
				GCC_VERSION = com.apple.compilers.llvm.clang.1_0;
				GCC_WARN_ABOUT_RETURN_TYPE = YES;
				GCC_WARN_UNUSED_VARIABLE = YES;
				OTHER_LDFLAGS = "-ObjC";
				PREBINDING = NO;
				SDKROOT = iphoneos;
			};
			name = Release;
		};
		A79D54AA13319C8400AD56B6 /* Debug */ = {
			isa = XCBuildConfiguration;
			buildSettings = {
				ALWAYS_SEARCH_USER_PATHS = NO;
				"CODE_SIGN_IDENTITY[sdk=iphoneos*]" = "iPhone Developer";
				COPY_PHASE_STRIP = NO;
				FRAMEWORK_SEARCH_PATHS = (
					"$(inherited)",
					"\"$(SRCROOT)/lib\"",
				);
				GCC_C_LANGUAGE_STANDARD = gnu99;
				GCC_DYNAMIC_NO_PIC = NO;
				GCC_PRECOMPILE_PREFIX_HEADER = YES;
				GCC_PREFIX_HEADER = "tests/DDUtilityTests-Prefix.pch";
				GCC_PREPROCESSOR_DEFINITIONS = DEBUG;
				GCC_SYMBOLS_PRIVATE_EXTERN = NO;
				GCC_VERSION = com.apple.compilers.llvmgcc42;
				INFOPLIST_FILE = "tests/DDUtilityTests-Info.plist";
				IPHONEOS_DEPLOYMENT_TARGET = 4.3;
				OTHER_LDFLAGS = (
					"-ObjC",
					"-all_load",
				);
				PRODUCT_NAME = "$(TARGET_NAME)";
				TARGETED_DEVICE_FAMILY = "1,2";
				WRAPPER_EXTENSION = app;
			};
			name = Debug;
		};
		A79D54AB13319C8400AD56B6 /* Release */ = {
			isa = XCBuildConfiguration;
			buildSettings = {
				ALWAYS_SEARCH_USER_PATHS = NO;
				"CODE_SIGN_IDENTITY[sdk=iphoneos*]" = "iPhone Developer";
				COPY_PHASE_STRIP = YES;
				FRAMEWORK_SEARCH_PATHS = (
					"$(inherited)",
					"\"$(SRCROOT)/lib\"",
				);
				GCC_C_LANGUAGE_STANDARD = gnu99;
				GCC_PRECOMPILE_PREFIX_HEADER = YES;
				GCC_PREFIX_HEADER = "tests/DDUtilityTests-Prefix.pch";
				GCC_VERSION = com.apple.compilers.llvmgcc42;
				INFOPLIST_FILE = "tests/DDUtilityTests-Info.plist";
				IPHONEOS_DEPLOYMENT_TARGET = 4.3;
				OTHER_CFLAGS = "-DNS_BLOCK_ASSERTIONS=1";
				OTHER_LDFLAGS = (
					"-ObjC",
					"-all_load",
				);
				PRODUCT_NAME = "$(TARGET_NAME)";
				TARGETED_DEVICE_FAMILY = "1,2";
				VALIDATE_PRODUCT = YES;
				WRAPPER_EXTENSION = app;
			};
			name = Release;
		};
/* End XCBuildConfiguration section */

/* Begin XCConfigurationList section */
		1DEB921E08733DC00010E9CD /* Build configuration list for PBXNativeTarget "DDUtility" */ = {
			isa = XCConfigurationList;
			buildConfigurations = (
				1DEB921F08733DC00010E9CD /* Debug */,
				1DEB922008733DC00010E9CD /* Release */,
			);
			defaultConfigurationIsVisible = 0;
			defaultConfigurationName = Release;
		};
		1DEB922208733DC00010E9CD /* Build configuration list for PBXProject "DDUtility" */ = {
			isa = XCConfigurationList;
			buildConfigurations = (
				1DEB922308733DC00010E9CD /* Debug */,
				1DEB922408733DC00010E9CD /* Release */,
			);
			defaultConfigurationIsVisible = 0;
			defaultConfigurationName = Release;
		};
		A79D54A913319C8400AD56B6 /* Build configuration list for PBXNativeTarget "DDUtilityTests" */ = {
			isa = XCConfigurationList;
			buildConfigurations = (
				A79D54AA13319C8400AD56B6 /* Debug */,
				A79D54AB13319C8400AD56B6 /* Release */,
			);
			defaultConfigurationIsVisible = 0;
			defaultConfigurationName = Release;
		};
/* End XCConfigurationList section */
	};
	rootObject = 0867D690FE84028FC02AAC07 /* Project object */;
}
